
Microsoft Visual Studio Solution File, Format Version 12.00
# Visual Studio Version 17
VisualStudioVersion = 17.8.34511.84
MinimumVisualStudioVersion = 10.0.40219.1
Project("{9A19103F-16F7-4668-BE54-9A1E7A4F7556}") = "Event_Extension_Method_Standart_Delegate", "Event_Extension_Method_Standart_Delegate.csproj", "{1BBFA231-36FB-4E02-9170-857757FE5185}"
EndProject
Global
	GlobalSection(SolutionConfigurationPlatforms) = preSolution
		Debug|Any CPU = Debug|Any CPU
		Release|Any CPU = Release|Any CPU
	EndGlobalSection
	GlobalSection(ProjectConfigurationPlatforms) = postSolution
		{1BBFA231-36FB-4E02-9170-857757FE5185}.Debug|Any CPU.ActiveCfg = Debug|Any CPU
		{1BBFA231-36FB-4E02-9170-857757FE5185}.Debug|Any CPU.Build.0 = Debug|Any CPU
		{1BBFA231-36FB-4E02-9170-857757FE5185}.Release|Any CPU.ActiveCfg = Release|Any CPU
		{1BBFA231-36FB-4E02-9170-857757FE5185}.Release|Any CPU.Build.0 = Release|Any CPU
	EndGlobalSection
	GlobalSection(SolutionProperties) = preSolution
		HideSolutionNode = FALSE
	EndGlobalSection
	GlobalSection(ExtensibilityGlobals) = postSolution
		SolutionGuid = {7129EC25-98E7-4FAE-8335-DBD5577AEE51}
	EndGlobalSection
EndGlobal
